
Microsoft Visual Studio Solution File, Format Version 12.00
# Visual Studio Version 16
VisualStudioVersion = 16.0.29318.209
MinimumVisualStudioVersion = 10.0.40219.1
Project("{FAE04EC0-301F-11D3-BF4B-00C04F79EFBC}") = "DDAssignment", "DDAssignment.csproj", "{233951CA-0950-426E-AF81-928C1E2DF513}"
EndProject
Global
	GlobalSection(SolutionConfigurationPlatforms) = preSolution
		Debug|Any CPU = Debug|Any CPU
		Release|Any CPU = Release|Any CPU
	EndGlobalSection
	GlobalSection(ProjectConfigurationPlatforms) = postSolution
		{233951CA-0950-426E-AF81-928C1E2DF513}.Debug|Any CPU.ActiveCfg = Debug|Any CPU
		{233951CA-0950-426E-AF81-928C1E2DF513}.Debug|Any CPU.Build.0 = Debug|Any CPU
		{233951CA-0950-426E-AF81-928C1E2DF513}.Release|Any CPU.ActiveCfg = Release|Any CPU
		{233951CA-0950-426E-AF81-928C1E2DF513}.Release|Any CPU.Build.0 = Release|Any CPU
	EndGlobalSection
	GlobalSection(SolutionProperties) = preSolution
		HideSolutionNode = FALSE
	EndGlobalSection
	GlobalSection(ExtensibilityGlobals) = postSolution
		SolutionGuid = {0549977C-F9CF-4009-A7AC-BAA4EE9F5DF3}
	EndGlobalSection
EndGlobal
